{
  "name": "g-energy-engine-oil",
  "version": "1.0.0",
  "lockfileVersion": 1,
  "requires": true,
  "dependencies": {
    "bootstrap": {
      "version": "4.4.1",
      "resolved": "https://registry.npmjs.org/bootstrap/-/bootstrap-4.4.1.tgz",
      "integrity": "sha512-tbx5cHubwE6e2ZG7nqM3g/FZ5PQEDMWmMGNrCUBVRPHXTJaH7CBDdsLeu3eCh3B1tzAxTnAbtmrzvWEvT2NNEA==",
      "dev": true
    },
    "css-vars": {
      "version": "2.2.0",
      "resolved": "https://registry.npmjs.org/css-vars/-/css-vars-2.2.0.tgz",
      "integrity": "sha1-GO7+Gj0Vgrq6EslpJH0JrC8ro0E="
    },
    "reset-css": {
      "version": "5.0.1",
      "resolved": "https://registry.npmjs.org/reset-css/-/reset-css-5.0.1.tgz",
      "integrity": "sha512-VyuJdNFfp5x/W6e5wauJM59C02Vs0P22sxzZGhQMPaqu/NGTeFxlBFOOw3eq9vQd19gIDdZp7zi89ylyKOJ33Q==",
      "dev": true
    },
    "sass-rem": {
      "version": "2.0.1",
      "resolved": "https://registry.npmjs.org/sass-rem/-/sass-rem-2.0.1.tgz",
      "integrity": "sha512-Fuf7i1Wr7n1lIdCiImhCJ1/S0jEYq1OmrlqyKuJKSU2B2kHbU09HJIo5AuADvbf3DJLlRxU7b8Jm8D6m5lfqmA==",
      "dev": true
    }
  }
}
